
Microsoft Visual Studio Solution File, Format Version 12.00
# Visual Studio 2012
Project("{FAE04EC0-301F-11D3-BF4B-00C04F79EFBC}") = "IcbmikeBlag.Website", "IcbmikeBlag.Website\IcbmikeBlag.Website.csproj", "{03E1B286-8A25-478B-BDA4-F47AD5E8FDB2}"
EndProject
Project("{FAE04EC0-301F-11D3-BF4B-00C04F79EFBC}") = "IcbmikeBlag.Application", "IcbmikeBlag.Application\IcbmikeBlag.Application.csproj", "{537C1FEA-672C-4725-A30C-323DFF111BF7}"
EndProject
Project("{FAE04EC0-301F-11D3-BF4B-00C04F79EFBC}") = "IcbmikeBlag.Test", "IcbmikeBlag.Test\IcbmikeBlag.Test.csproj", "{79275549-87BD-4E29-A91D-078DAC91893F}"
EndProject
Project("{2150E333-8FDC-42A3-9474-1A3956D46DE8}") = ".nuget", ".nuget", "{E6916FCA-3110-4033-95B2-389AF82CBFAF}"
	ProjectSection(SolutionItems) = preProject
		.nuget\NuGet.Config = .nuget\NuGet.Config
		.nuget\NuGet.exe = .nuget\NuGet.exe
		.nuget\NuGet.targets = .nuget\NuGet.targets
	EndProjectSection
EndProject
Global
	GlobalSection(SolutionConfigurationPlatforms) = preSolution
		Debug|Any CPU = Debug|Any CPU
		Release|Any CPU = Release|Any CPU
	EndGlobalSection
	GlobalSection(ProjectConfigurationPlatforms) = postSolution
		{03E1B286-8A25-478B-BDA4-F47AD5E8FDB2}.Debug|Any CPU.ActiveCfg = Debug|Any CPU
		{03E1B286-8A25-478B-BDA4-F47AD5E8FDB2}.Debug|Any CPU.Build.0 = Debug|Any CPU
		{03E1B286-8A25-478B-BDA4-F47AD5E8FDB2}.Release|Any CPU.ActiveCfg = Release|Any CPU
		{03E1B286-8A25-478B-BDA4-F47AD5E8FDB2}.Release|Any CPU.Build.0 = Release|Any CPU
		{537C1FEA-672C-4725-A30C-323DFF111BF7}.Debug|Any CPU.ActiveCfg = Debug|Any CPU
		{537C1FEA-672C-4725-A30C-323DFF111BF7}.Debug|Any CPU.Build.0 = Debug|Any CPU
		{537C1FEA-672C-4725-A30C-323DFF111BF7}.Release|Any CPU.ActiveCfg = Release|Any CPU
		{537C1FEA-672C-4725-A30C-323DFF111BF7}.Release|Any CPU.Build.0 = Release|Any CPU
		{79275549-87BD-4E29-A91D-078DAC91893F}.Debug|Any CPU.ActiveCfg = Debug|Any CPU
		{79275549-87BD-4E29-A91D-078DAC91893F}.Debug|Any CPU.Build.0 = Debug|Any CPU
		{79275549-87BD-4E29-A91D-078DAC91893F}.Release|Any CPU.ActiveCfg = Release|Any CPU
		{79275549-87BD-4E29-A91D-078DAC91893F}.Release|Any CPU.Build.0 = Release|Any CPU
	EndGlobalSection
	GlobalSection(SolutionProperties) = preSolution
		HideSolutionNode = FALSE
	EndGlobalSection
EndGlobal
